
Microsoft Visual Studio Solution File, Format Version 12.00
# Visual Studio Version 17
VisualStudioVersion = 17.13.35931.197 d17.13
MinimumVisualStudioVersion = 10.0.40219.1
Project("{FAE04EC0-301F-11D3-BF4B-00C04F79EFBC}") = "BookManagementPrj", "BookManagementPrj.csproj", "{BEF376E1-BD7F-4AAB-ACFB-BD8BA66DF3DE}"
EndProject
Global
	GlobalSection(SolutionConfigurationPlatforms) = preSolution
		Debug|Any CPU = Debug|Any CPU
		Release|Any CPU = Release|Any CPU
	EndGlobalSection
	GlobalSection(ProjectConfigurationPlatforms) = postSolution
		{BEF376E1-BD7F-4AAB-ACFB-BD8BA66DF3DE}.Debug|Any CPU.ActiveCfg = Debug|Any CPU
		{BEF376E1-BD7F-4AAB-ACFB-BD8BA66DF3DE}.Debug|Any CPU.Build.0 = Debug|Any CPU
		{BEF376E1-BD7F-4AAB-ACFB-BD8BA66DF3DE}.Release|Any CPU.ActiveCfg = Release|Any CPU
		{BEF376E1-BD7F-4AAB-ACFB-BD8BA66DF3DE}.Release|Any CPU.Build.0 = Release|Any CPU
	EndGlobalSection
	GlobalSection(SolutionProperties) = preSolution
		HideSolutionNode = FALSE
	EndGlobalSection
	GlobalSection(ExtensibilityGlobals) = postSolution
		SolutionGuid = {C7DF1E33-1A41-440B-9CAD-A636B41CC2C4}
	EndGlobalSection
EndGlobal
